// !$*UTF8*$!
{
	archiveVersion = 1;
	classes = {
	};
	objectVersion = 56;
	objects = {

/* Begin PBXBuildFile section */
		C91B2F672937856E003BCAD7 /* LoanAdvertisement.swift in Sources */ = {isa = PBXBuildFile; fileRef = C91B2F662937856E003BCAD7 /* LoanAdvertisement.swift */; };
		C91B2F6929378B9C003BCAD7 /* AvailableFunds.swift in Sources */ = {isa = PBXBuildFile; fileRef = C91B2F6829378B9C003BCAD7 /* AvailableFunds.swift */; };
		C9BB595B29376B6A00E84345 /* BestBankApp.swift in Sources */ = {isa = PBXBuildFile; fileRef = C9BB595A29376B6A00E84345 /* BestBankApp.swift */; };
		C9BB595D29376B6A00E84345 /* ContentView.swift in Sources */ = {isa = PBXBuildFile; fileRef = C9BB595C29376B6A00E84345 /* ContentView.swift */; };
		C9BB595F29376B6B00E84345 /* Assets.xcassets in Resources */ = {isa = PBXBuildFile; fileRef = C9BB595E29376B6B00E84345 /* Assets.xcassets */; };
		C9BB596229376B6B00E84345 /* Preview Assets.xcassets in Resources */ = {isa = PBXBuildFile; fileRef = C9BB596129376B6B00E84345 /* Preview Assets.xcassets */; };
		C9BB596929376C1600E84345 /* Home.swift in Sources */ = {isa = PBXBuildFile; fileRef = C9BB596829376C1600E84345 /* Home.swift */; };
		C9BB596B29376CF800E84345 /* Payments.swift in Sources */ = {isa = PBXBuildFile; fileRef = C9BB596A29376CF800E84345 /* Payments.swift */; };
		C9BB596D29376D1800E84345 /* Products.swift in Sources */ = {isa = PBXBuildFile; fileRef = C9BB596C29376D1800E84345 /* Products.swift */; };
		C9BB596F29376D2E00E84345 /* Finances.swift in Sources */ = {isa = PBXBuildFile; fileRef = C9BB596E29376D2E00E84345 /* Finances.swift */; };
		C9BB597129376D5200E84345 /* Services.swift in Sources */ = {isa = PBXBuildFile; fileRef = C9BB597029376D5200E84345 /* Services.swift */; };
/* End PBXBuildFile section */

/* Begin PBXFileReference section */
		C91B2F662937856E003BCAD7 /* LoanAdvertisement.swift */ = {isa = PBXFileReference; lastKnownFileType = sourcecode.swift; path = LoanAdvertisement.swift; sourceTree = "<group>"; };
		C91B2F6829378B9C003BCAD7 /* AvailableFunds.swift */ = {isa = PBXFileReference; lastKnownFileType = sourcecode.swift; path = AvailableFunds.swift; sourceTree = "<group>"; };
		C9BB595729376B6A00E84345 /* BestBank.app */ = {isa = PBXFileReference; explicitFileType = wrapper.application; includeInIndex = 0; path = BestBank.app; sourceTree = BUILT_PRODUCTS_DIR; };
		C9BB595A29376B6A00E84345 /* BestBankApp.swift */ = {isa = PBXFileReference; lastKnownFileType = sourcecode.swift; path = BestBankApp.swift; sourceTree = "<group>"; };
		C9BB595C29376B6A00E84345 /* ContentView.swift */ = {isa = PBXFileReference; lastKnownFileType = sourcecode.swift; path = ContentView.swift; sourceTree = "<group>"; };
		C9BB595E29376B6B00E84345 /* Assets.xcassets */ = {isa = PBXFileReference; lastKnownFileType = folder.assetcatalog; path = Assets.xcassets; sourceTree = "<group>"; };
		C9BB596129376B6B00E84345 /* Preview Assets.xcassets */ = {isa = PBXFileReference; lastKnownFileType = folder.assetcatalog; path = "Preview Assets.xcassets"; sourceTree = "<group>"; };
		C9BB596829376C1600E84345 /* Home.swift */ = {isa = PBXFileReference; lastKnownFileType = sourcecode.swift; path = Home.swift; sourceTree = "<group>"; };
		C9BB596A29376CF800E84345 /* Payments.swift */ = {isa = PBXFileReference; lastKnownFileType = sourcecode.swift; path = Payments.swift; sourceTree = "<group>"; };
		C9BB596C29376D1800E84345 /* Products.swift */ = {isa = PBXFileReference; lastKnownFileType = sourcecode.swift; path = Products.swift; sourceTree = "<group>"; };
		C9BB596E29376D2E00E84345 /* Finances.swift */ = {isa = PBXFileReference; lastKnownFileType = sourcecode.swift; path = Finances.swift; sourceTree = "<group>"; };
		C9BB597029376D5200E84345 /* Services.swift */ = {isa = PBXFileReference; lastKnownFileType = sourcecode.swift; path = Services.swift; sourceTree = "<group>"; };
/* End PBXFileReference section */

/* Begin PBXFrameworksBuildPhase section */
		C9BB595429376B6A00E84345 /* Frameworks */ = {
			isa = PBXFrameworksBuildPhase;
			buildActionMask = 2147483647;
			files = (
			);
			runOnlyForDeploymentPostprocessing = 0;
		};
/* End PBXFrameworksBuildPhase section */

/* Begin PBXGroup section */
		C91B2F632937850A003BCAD7 /* Home */ = {
			isa = PBXGroup;
			children = (
				C9BB596829376C1600E84345 /* Home.swift */,
				C91B2F662937856E003BCAD7 /* LoanAdvertisement.swift */,
				C91B2F6829378B9C003BCAD7 /* AvailableFunds.swift */,
			);
			path = Home;
			sourceTree = "<group>";
		};
		C9BB594E29376B6A00E84345 = {
			isa = PBXGroup;
			children = (
				C9BB595929376B6A00E84345 /* BestBank */,
				C9BB595829376B6A00E84345 /* Products */,
			);
			sourceTree = "<group>";
		};
		C9BB595829376B6A00E84345 /* Products */ = {
			isa = PBXGroup;
			children = (
				C9BB595729376B6A00E84345 /* BestBank.app */,
			);
			name = Products;
			sourceTree = "<group>";
		};
		C9BB595929376B6A00E84345 /* BestBank */ = {
			isa = PBXGroup;
			children = (
				C9BB595A29376B6A00E84345 /* BestBankApp.swift */,
				C9BB595C29376B6A00E84345 /* ContentView.swift */,
				C9BB595E29376B6B00E84345 /* Assets.xcassets */,
				C9BB596C29376D1800E84345 /* Products.swift */,
				C9BB596E29376D2E00E84345 /* Finances.swift */,
				C9BB597029376D5200E84345 /* Services.swift */,
				C9BB596A29376CF800E84345 /* Payments.swift */,
				C91B2F632937850A003BCAD7 /* Home */,
				C9BB596029376B6B00E84345 /* Preview Content */,
			);
			path = BestBank;
			sourceTree = "<group>";
		};
		C9BB596029376B6B00E84345 /* Preview Content */ = {
			isa = PBXGroup;
			children = (
				C9BB596129376B6B00E84345 /* Preview Assets.xcassets */,
			);
			path = "Preview Content";
			sourceTree = "<group>";
		};
/* End PBXGroup section */

/* Begin PBXNativeTarget section */
		C9BB595629376B6A00E84345 /* BestBank */ = {
			isa = PBXNativeTarget;
			buildConfigurationList = C9BB596529376B6B00E84345 /* Build configuration list for PBXNativeTarget "BestBank" */;
			buildPhases = (
				C9BB595329376B6A00E84345 /* Sources */,
				C9BB595429376B6A00E84345 /* Frameworks */,
				C9BB595529376B6A00E84345 /* Resources */,
			);
			buildRules = (
			);
			dependencies = (
			);
			name = BestBank;
			productName = BestBank;
			productReference = C9BB595729376B6A00E84345 /* BestBank.app */;
			productType = "com.apple.product-type.application";
		};
/* End PBXNativeTarget section */

/* Begin PBXProject section */
		C9BB594F29376B6A00E84345 /* Project object */ = {
			isa = PBXProject;
			attributes = {
				BuildIndependentTargetsInParallel = 1;
				LastSwiftUpdateCheck = 1410;
				LastUpgradeCheck = 1410;
				TargetAttributes = {
					C9BB595629376B6A00E84345 = {
						CreatedOnToolsVersion = 14.1;
					};
				};
			};
			buildConfigurationList = C9BB595229376B6A00E84345 /* Build configuration list for PBXProject "BestBank" */;
			compatibilityVersion = "Xcode 14.0";
			developmentRegion = en;
			hasScannedForEncodings = 0;
			knownRegions = (
				en,
				Base,
			);
			mainGroup = C9BB594E29376B6A00E84345;
			productRefGroup = C9BB595829376B6A00E84345 /* Products */;
			projectDirPath = "";
			projectRoot = "";
			targets = (
				C9BB595629376B6A00E84345 /* BestBank */,
			);
		};
/* End PBXProject section */

/* Begin PBXResourcesBuildPhase section */
		C9BB595529376B6A00E84345 /* Resources */ = {
			isa = PBXResourcesBuildPhase;
			buildActionMask = 2147483647;
			files = (
				C9BB596229376B6B00E84345 /* Preview Assets.xcassets in Resources */,
				C9BB595F29376B6B00E84345 /* Assets.xcassets in Resources */,
			);
			runOnlyForDeploymentPostprocessing = 0;
		};
/* End PBXResourcesBuildPhase section */

/* Begin PBXSourcesBuildPhase section */
		C9BB595329376B6A00E84345 /* Sources */ = {
			isa = PBXSourcesBuildPhase;
			buildActionMask = 2147483647;
			files = (
				C9BB595D29376B6A00E84345 /* ContentView.swift in Sources */,
				C9BB596929376C1600E84345 /* Home.swift in Sources */,
				C91B2F6929378B9C003BCAD7 /* AvailableFunds.swift in Sources */,
				C9BB596F29376D2E00E84345 /* Finances.swift in Sources */,
				C9BB597129376D5200E84345 /* Services.swift in Sources */,
				C9BB596D29376D1800E84345 /* Products.swift in Sources */,
				C9BB596B29376CF800E84345 /* Payments.swift in Sources */,
				C9BB595B29376B6A00E84345 /* BestBankApp.swift in Sources */,
				C91B2F672937856E003BCAD7 /* LoanAdvertisement.swift in Sources */,
			);
			runOnlyForDeploymentPostprocessing = 0;
		};
/* End PBXSourcesBuildPhase section */

/* Begin XCBuildConfiguration section */
		C9BB596329376B6B00E84345 /* Debug */ = {
			isa = XCBuildConfiguration;
			buildSettings = {
				ALWAYS_SEARCH_USER_PATHS = NO;
				CLANG_ANALYZER_NONNULL = YES;
				CLANG_ANALYZER_NUMBER_OBJECT_CONVERSION = YES_AGGRESSIVE;
				CLANG_CXX_LANGUAGE_STANDARD = "gnu++20";
				CLANG_ENABLE_MODULES = YES;
				CLANG_ENABLE_OBJC_ARC = YES;
				CLANG_ENABLE_OBJC_WEAK = YES;
				CLANG_WARN_BLOCK_CAPTURE_AUTORELEASING = YES;
				CLANG_WARN_BOOL_CONVERSION = YES;
				CLANG_WARN_COMMA = YES;
				CLANG_WARN_CONSTANT_CONVERSION = YES;
				CLANG_WARN_DEPRECATED_OBJC_IMPLEMENTATIONS = YES;
				CLANG_WARN_DIRECT_OBJC_ISA_USAGE = YES_ERROR;
				CLANG_WARN_DOCUMENTATION_COMMENTS = YES;
				CLANG_WARN_EMPTY_BODY = YES;
				CLANG_WARN_ENUM_CONVERSION = YES;
				CLANG_WARN_INFINITE_RECURSION = YES;
				CLANG_WARN_INT_CONVERSION = YES;
				CLANG_WARN_NON_LITERAL_NULL_CONVERSION = YES;
				CLANG_WARN_OBJC_IMPLICIT_RETAIN_SELF = YES;
				CLANG_WARN_OBJC_LITERAL_CONVERSION = YES;
				CLANG_WARN_OBJC_ROOT_CLASS = YES_ERROR;
				CLANG_WARN_QUOTED_INCLUDE_IN_FRAMEWORK_HEADER = YES;
				CLANG_WARN_RANGE_LOOP_ANALYSIS = YES;
				CLANG_WARN_STRICT_PROTOTYPES = YES;
				CLANG_WARN_SUSPICIOUS_MOVE = YES;
				CLANG_WARN_UNGUARDED_AVAILABILITY = YES_AGGRESSIVE;
				CLANG_WARN_UNREACHABLE_CODE = YES;
				CLANG_WARN__DUPLICATE_METHOD_MATCH = YES;
				COPY_PHASE_STRIP = NO;
				DEBUG_INFORMATION_FORMAT = dwarf;
				ENABLE_STRICT_OBJC_MSGSEND = YES;
				ENABLE_TESTABILITY = YES;
				GCC_C_LANGUAGE_STANDARD = gnu11;
				GCC_DYNAMIC_NO_PIC = NO;
				GCC_NO_COMMON_BLOCKS = YES;
				GCC_OPTIMIZATION_LEVEL = 0;
				GCC_PREPROCESSOR_DEFINITIONS = (
					"DEBUG=1",
					"$(inherited)",
				);
				GCC_WARN_64_TO_32_BIT_CONVERSION = YES;
				GCC_WARN_ABOUT_RETURN_TYPE = YES_ERROR;
				GCC_WARN_UNDECLARED_SELECTOR = YES;
				GCC_WARN_UNINITIALIZED_AUTOS = YES_AGGRESSIVE;
				GCC_WARN_UNUSED_FUNCTION = YES;
				GCC_WARN_UNUSED_VARIABLE = YES;
				IPHONEOS_DEPLOYMENT_TARGET = 16.1;
				MTL_ENABLE_DEBUG_INFO = INCLUDE_SOURCE;
				MTL_FAST_MATH = YES;
				ONLY_ACTIVE_ARCH = YES;
				SDKROOT = iphoneos;
				SWIFT_ACTIVE_COMPILATION_CONDITIONS = DEBUG;
				SWIFT_OPTIMIZATION_LEVEL = "-Onone";
			};
			name = Debug;
		};
		C9BB596429376B6B00E84345 /* Release */ = {
			isa = XCBuildConfiguration;
			buildSettings = {
				ALWAYS_SEARCH_USER_PATHS = NO;
				CLANG_ANALYZER_NONNULL = YES;
				CLANG_ANALYZER_NUMBER_OBJECT_CONVERSION = YES_AGGRESSIVE;
				CLANG_CXX_LANGUAGE_STANDARD = "gnu++20";
				CLANG_ENABLE_MODULES = YES;
				CLANG_ENABLE_OBJC_ARC = YES;
				CLANG_ENABLE_OBJC_WEAK = YES;
				CLANG_WARN_BLOCK_CAPTURE_AUTORELEASING = YES;
				CLANG_WARN_BOOL_CONVERSION = YES;
				CLANG_WARN_COMMA = YES;
				CLANG_WARN_CONSTANT_CONVERSION = YES;
				CLANG_WARN_DEPRECATED_OBJC_IMPLEMENTATIONS = YES;
				CLANG_WARN_DIRECT_OBJC_ISA_USAGE = YES_ERROR;
				CLANG_WARN_DOCUMENTATION_COMMENTS = YES;
				CLANG_WARN_EMPTY_BODY = YES;
				CLANG_WARN_ENUM_CONVERSION = YES;
				CLANG_WARN_INFINITE_RECURSION = YES;
				CLANG_WARN_INT_CONVERSION = YES;
				CLANG_WARN_NON_LITERAL_NULL_CONVERSION = YES;
				CLANG_WARN_OBJC_IMPLICIT_RETAIN_SELF = YES;
				CLANG_WARN_OBJC_LITERAL_CONVERSION = YES;
				CLANG_WARN_OBJC_ROOT_CLASS = YES_ERROR;
				CLANG_WARN_QUOTED_INCLUDE_IN_FRAMEWORK_HEADER = YES;
				CLANG_WARN_RANGE_LOOP_ANALYSIS = YES;
				CLANG_WARN_STRICT_PROTOTYPES = YES;
				CLANG_WARN_SUSPICIOUS_MOVE = YES;
				CLANG_WARN_UNGUARDED_AVAILABILITY = YES_AGGRESSIVE;
				CLANG_WARN_UNREACHABLE_CODE = YES;
				CLANG_WARN__DUPLICATE_METHOD_MATCH = YES;
				COPY_PHASE_STRIP = NO;
				DEBUG_INFORMATION_FORMAT = "dwarf-with-dsym";
				ENABLE_NS_ASSERTIONS = NO;
				ENABLE_STRICT_OBJC_MSGSEND = YES;
				GCC_C_LANGUAGE_STANDARD = gnu11;
				GCC_NO_COMMON_BLOCKS = YES;
				GCC_WARN_64_TO_32_BIT_CONVERSION = YES;
				GCC_WARN_ABOUT_RETURN_TYPE = YES_ERROR;
				GCC_WARN_UNDECLARED_SELECTOR = YES;
				GCC_WARN_UNINITIALIZED_AUTOS = YES_AGGRESSIVE;
				GCC_WARN_UNUSED_FUNCTION = YES;
				GCC_WARN_UNUSED_VARIABLE = YES;
				IPHONEOS_DEPLOYMENT_TARGET = 16.1;
				MTL_ENABLE_DEBUG_INFO = NO;
				MTL_FAST_MATH = YES;
				SDKROOT = iphoneos;
				SWIFT_COMPILATION_MODE = wholemodule;
				SWIFT_OPTIMIZATION_LEVEL = "-O";
				VALIDATE_PRODUCT = YES;
			};
			name = Release;
		};
		C9BB596629376B6B00E84345 /* Debug */ = {
			isa = XCBuildConfiguration;
			buildSettings = {
				ASSETCATALOG_COMPILER_APPICON_NAME = AppIcon;
				ASSETCATALOG_COMPILER_GLOBAL_ACCENT_COLOR_NAME = AccentColor;
				CODE_SIGN_STYLE = Automatic;
				CURRENT_PROJECT_VERSION = 1;
				DEVELOPMENT_ASSET_PATHS = "\"BestBank/Preview Content\"";
				DEVELOPMENT_TEAM = WYYD435V93;
				ENABLE_PREVIEWS = YES;
				GENERATE_INFOPLIST_FILE = YES;
				INFOPLIST_KEY_UIApplicationSceneManifest_Generation = YES;
				INFOPLIST_KEY_UIApplicationSupportsIndirectInputEvents = YES;
				INFOPLIST_KEY_UILaunchScreen_Generation = YES;
				INFOPLIST_KEY_UISupportedInterfaceOrientations_iPad = "UIInterfaceOrientationPortrait UIInterfaceOrientationPortraitUpsideDown UIInterfaceOrientationLandscapeLeft UIInterfaceOrientationLandscapeRight";
				INFOPLIST_KEY_UISupportedInterfaceOrientations_iPhone = "UIInterfaceOrientationPortrait UIInterfaceOrientationLandscapeLeft UIInterfaceOrientationLandscapeRight";
				LD_RUNPATH_SEARCH_PATHS = (
					"$(inherited)",
					"@executable_path/Frameworks",
				);
				MARKETING_VERSION = 1.0;
				PRODUCT_BUNDLE_IDENTIFIER = com.Cj.BestBank;
				PRODUCT_NAME = "$(TARGET_NAME)";
				SWIFT_EMIT_LOC_STRINGS = YES;
				SWIFT_VERSION = 5.0;
				TARGETED_DEVICE_FAMILY = "1,2";
			};
			name = Debug;
		};
		C9BB596729376B6B00E84345 /* Release */ = {
			isa = XCBuildConfiguration;
			buildSettings = {
				ASSETCATALOG_COMPILER_APPICON_NAME = AppIcon;
				ASSETCATALOG_COMPILER_GLOBAL_ACCENT_COLOR_NAME = AccentColor;
				CODE_SIGN_STYLE = Automatic;
				CURRENT_PROJECT_VERSION = 1;
				DEVELOPMENT_ASSET_PATHS = "\"BestBank/Preview Content\"";
				DEVELOPMENT_TEAM = WYYD435V93;
				ENABLE_PREVIEWS = YES;
				GENERATE_INFOPLIST_FILE = YES;
				INFOPLIST_KEY_UIApplicationSceneManifest_Generation = YES;
				INFOPLIST_KEY_UIApplicationSupportsIndirectInputEvents = YES;
				INFOPLIST_KEY_UILaunchScreen_Generation = YES;
				INFOPLIST_KEY_UISupportedInterfaceOrientations_iPad = "UIInterfaceOrientationPortrait UIInterfaceOrientationPortraitUpsideDown UIInterfaceOrientationLandscapeLeft UIInterfaceOrientationLandscapeRight";
				INFOPLIST_KEY_UISupportedInterfaceOrientations_iPhone = "UIInterfaceOrientationPortrait UIInterfaceOrientationLandscapeLeft UIInterfaceOrientationLandscapeRight";
				LD_RUNPATH_SEARCH_PATHS = (
					"$(inherited)",
					"@executable_path/Frameworks",
				);
				MARKETING_VERSION = 1.0;
				PRODUCT_BUNDLE_IDENTIFIER = com.Cj.BestBank;
				PRODUCT_NAME = "$(TARGET_NAME)";
				SWIFT_EMIT_LOC_STRINGS = YES;
				SWIFT_VERSION = 5.0;
				TARGETED_DEVICE_FAMILY = "1,2";
			};
			name = Release;
		};
/* End XCBuildConfiguration section */

/* Begin XCConfigurationList section */
		C9BB595229376B6A00E84345 /* Build configuration list for PBXProject "BestBank" */ = {
			isa = XCConfigurationList;
			buildConfigurations = (
				C9BB596329376B6B00E84345 /* Debug */,
				C9BB596429376B6B00E84345 /* Release */,
			);
			defaultConfigurationIsVisible = 0;
			defaultConfigurationName = Release;
		};
		C9BB596529376B6B00E84345 /* Build configuration list for PBXNativeTarget "BestBank" */ = {
			isa = XCConfigurationList;
			buildConfigurations = (
				C9BB596629376B6B00E84345 /* Debug */,
				C9BB596729376B6B00E84345 /* Release */,
			);
			defaultConfigurationIsVisible = 0;
			defaultConfigurationName = Release;
		};
/* End XCConfigurationList section */
	};
	rootObject = C9BB594F29376B6A00E84345 /* Project object */;
}
